
Microsoft Visual Studio Solution File, Format Version 12.00
# Visual Studio Version 17
VisualStudioVersion = 17.0.31410.414
MinimumVisualStudioVersion = 10.0.40219.1
Project("{FAE04EC0-301F-11D3-BF4B-00C04F79EFBC}") = "MatchMargin", "src\MatchMargin.csproj", "{1ADECEE4-E6D5-4D60-B246-D0DDAAF811E6}"
EndProject
Project("{2150E333-8FDC-42A3-9474-1A3956D46DE8}") = "Solution Items", "Solution Items", "{FF28CD58-25E9-4F7B-9844-938CC4CB75EA}"
	ProjectSection(SolutionItems) = preProject
		azure-pipelines.yml = azure-pipelines.yml
		LICENSE = LICENSE
		publish-manifest.json = publish-manifest.json
		README.md = README.md
	EndProjectSection
EndProject
Global
	GlobalSection(SolutionConfigurationPlatforms) = preSolution
		Debug|Any CPU = Debug|Any CPU
		Debug|x86 = Debug|x86
		Release|Any CPU = Release|Any CPU
		Release|x86 = Release|x86
	EndGlobalSection
	GlobalSection(ProjectConfigurationPlatforms) = postSolution
		{1ADECEE4-E6D5-4D60-B246-D0DDAAF811E6}.Debug|Any CPU.ActiveCfg = Debug|Any CPU
		{1ADECEE4-E6D5-4D60-B246-D0DDAAF811E6}.Debug|Any CPU.Build.0 = Debug|Any CPU
		{1ADECEE4-E6D5-4D60-B246-D0DDAAF811E6}.Debug|x86.ActiveCfg = Debug|x86
		{1ADECEE4-E6D5-4D60-B246-D0DDAAF811E6}.Debug|x86.Build.0 = Debug|x86
		{1ADECEE4-E6D5-4D60-B246-D0DDAAF811E6}.Release|Any CPU.ActiveCfg = Release|Any CPU
		{1ADECEE4-E6D5-4D60-B246-D0DDAAF811E6}.Release|Any CPU.Build.0 = Release|Any CPU
		{1ADECEE4-E6D5-4D60-B246-D0DDAAF811E6}.Release|x86.ActiveCfg = Release|x86
		{1ADECEE4-E6D5-4D60-B246-D0DDAAF811E6}.Release|x86.Build.0 = Release|x86
	EndGlobalSection
	GlobalSection(SolutionProperties) = preSolution
		HideSolutionNode = FALSE
	EndGlobalSection
	GlobalSection(ExtensibilityGlobals) = postSolution
		SolutionGuid = {485B1C58-9174-4EFD-B955-96BAC8A02B24}
	EndGlobalSection
EndGlobal
